// !$*UTF8*$!
{
	archiveVersion = 1;
	classes = {
	};
	objectVersion = 48;
	objects = {

/* Begin PBXBuildFile section */
		7F41BC541FC4F3CE00202717 /* TrendingFavoriteViewController.swift in Sources */ = {isa = PBXBuildFile; fileRef = 7F41BC531FC4F3CE00202717 /* TrendingFavoriteViewController.swift */; };
		7F41BC581FC7592800202717 /* chooseView.swift in Sources */ = {isa = PBXBuildFile; fileRef = 7F41BC571FC7592800202717 /* chooseView.swift */; };
		7F59BEDF1FB4E3B80001DD90 /* AppDelegate.swift in Sources */ = {isa = PBXBuildFile; fileRef = 7F59BEDE1FB4E3B80001DD90 /* AppDelegate.swift */; };
		7F59BEE11FB4E3B80001DD90 /* FirstViewController.swift in Sources */ = {isa = PBXBuildFile; fileRef = 7F59BEE01FB4E3B80001DD90 /* FirstViewController.swift */; };
		7F59BEE61FB4E3B80001DD90 /* Main.storyboard in Resources */ = {isa = PBXBuildFile; fileRef = 7F59BEE41FB4E3B80001DD90 /* Main.storyboard */; };
		7F59BEE81FB4E3B80001DD90 /* Assets.xcassets in Resources */ = {isa = PBXBuildFile; fileRef = 7F59BEE71FB4E3B80001DD90 /* Assets.xcassets */; };
		7F59BEEB1FB4E3B80001DD90 /* LaunchScreen.storyboard in Resources */ = {isa = PBXBuildFile; fileRef = 7F59BEE91FB4E3B80001DD90 /* LaunchScreen.storyboard */; };
		7F59BEF61FB4E3B80001DD90 /* RatingToolTests.swift in Sources */ = {isa = PBXBuildFile; fileRef = 7F59BEF51FB4E3B80001DD90 /* RatingToolTests.swift */; };
		7F59BF011FB4E3B90001DD90 /* RatingToolUITests.swift in Sources */ = {isa = PBXBuildFile; fileRef = 7F59BF001FB4E3B90001DD90 /* RatingToolUITests.swift */; };
		7F59BF251FB5FF350001DD90 /* TableViewController.swift in Sources */ = {isa = PBXBuildFile; fileRef = 7F59BF241FB5FF350001DD90 /* TableViewController.swift */; };
		7F871A021FC1D89C002C30CF /* ViewController.swift in Sources */ = {isa = PBXBuildFile; fileRef = 7F871A011FC1D89C002C30CF /* ViewController.swift */; };
		7F871A041FC34E73002C30CF /* ProfileTabViewController.swift in Sources */ = {isa = PBXBuildFile; fileRef = 7F871A031FC34E73002C30CF /* ProfileTabViewController.swift */; };
		7F871A061FC3575E002C30CF /* Trending_Theatres.swift in Sources */ = {isa = PBXBuildFile; fileRef = 7F871A051FC3575E002C30CF /* Trending_Theatres.swift */; };
		7F871A091FC35899002C30CF /* Trending_Coffee.swift in Sources */ = {isa = PBXBuildFile; fileRef = 7F871A081FC35899002C30CF /* Trending_Coffee.swift */; };
		7F871A0B1FC358AB002C30CF /* Trending_Restaurants.swift in Sources */ = {isa = PBXBuildFile; fileRef = 7F871A0A1FC358AB002C30CF /* Trending_Restaurants.swift */; };
		7F871A0D1FC358B9002C30CF /* Trending_Parks_and_Rec.swift in Sources */ = {isa = PBXBuildFile; fileRef = 7F871A0C1FC358B9002C30CF /* Trending_Parks_and_Rec.swift */; };
		7F871A0F1FC358CA002C30CF /* Trending_Fast_Food.swift in Sources */ = {isa = PBXBuildFile; fileRef = 7F871A0E1FC358CA002C30CF /* Trending_Fast_Food.swift */; };
		7FE96ADE1FCC4B740080A11E /* Trending.swift in Sources */ = {isa = PBXBuildFile; fileRef = 7FE96ADD1FCC4B740080A11E /* Trending.swift */; };
/* End PBXBuildFile section */

/* Begin PBXContainerItemProxy section */
		7F59BEF21FB4E3B80001DD90 /* PBXContainerItemProxy */ = {
			isa = PBXContainerItemProxy;
			containerPortal = 7F59BED31FB4E3B80001DD90 /* Project object */;
			proxyType = 1;
			remoteGlobalIDString = 7F59BEDA1FB4E3B80001DD90;
			remoteInfo = RatingTool;
		};
		7F59BEFD1FB4E3B90001DD90 /* PBXContainerItemProxy */ = {
			isa = PBXContainerItemProxy;
			containerPortal = 7F59BED31FB4E3B80001DD90 /* Project object */;
			proxyType = 1;
			remoteGlobalIDString = 7F59BEDA1FB4E3B80001DD90;
			remoteInfo = RatingTool;
		};
/* End PBXContainerItemProxy section */

/* Begin PBXFileReference section */
		7F41BC531FC4F3CE00202717 /* TrendingFavoriteViewController.swift */ = {isa = PBXFileReference; lastKnownFileType = sourcecode.swift; path = TrendingFavoriteViewController.swift; sourceTree = "<group>"; };
		7F41BC571FC7592800202717 /* chooseView.swift */ = {isa = PBXFileReference; lastKnownFileType = sourcecode.swift; path = chooseView.swift; sourceTree = "<group>"; };
		7F59BEDB1FB4E3B80001DD90 /* RatingTool.app */ = {isa = PBXFileReference; explicitFileType = wrapper.application; includeInIndex = 0; path = RatingTool.app; sourceTree = BUILT_PRODUCTS_DIR; };
		7F59BEDE1FB4E3B80001DD90 /* AppDelegate.swift */ = {isa = PBXFileReference; lastKnownFileType = sourcecode.swift; path = AppDelegate.swift; sourceTree = "<group>"; };
		7F59BEE01FB4E3B80001DD90 /* FirstViewController.swift */ = {isa = PBXFileReference; lastKnownFileType = sourcecode.swift; path = FirstViewController.swift; sourceTree = "<group>"; };
		7F59BEE51FB4E3B80001DD90 /* Base */ = {isa = PBXFileReference; lastKnownFileType = file.storyboard; name = Base; path = Base.lproj/Main.storyboard; sourceTree = "<group>"; };
		7F59BEE71FB4E3B80001DD90 /* Assets.xcassets */ = {isa = PBXFileReference; lastKnownFileType = folder.assetcatalog; path = Assets.xcassets; sourceTree = "<group>"; };
		7F59BEEA1FB4E3B80001DD90 /* Base */ = {isa = PBXFileReference; lastKnownFileType = file.storyboard; name = Base; path = Base.lproj/LaunchScreen.storyboard; sourceTree = "<group>"; };
		7F59BEEC1FB4E3B80001DD90 /* Info.plist */ = {isa = PBXFileReference; lastKnownFileType = text.plist.xml; path = Info.plist; sourceTree = "<group>"; };
		7F59BEF11FB4E3B80001DD90 /* RatingToolTests.xctest */ = {isa = PBXFileReference; explicitFileType = wrapper.cfbundle; includeInIndex = 0; path = RatingToolTests.xctest; sourceTree = BUILT_PRODUCTS_DIR; };
		7F59BEF51FB4E3B80001DD90 /* RatingToolTests.swift */ = {isa = PBXFileReference; lastKnownFileType = sourcecode.swift; path = RatingToolTests.swift; sourceTree = "<group>"; };
		7F59BEF71FB4E3B80001DD90 /* Info.plist */ = {isa = PBXFileReference; lastKnownFileType = text.plist.xml; path = Info.plist; sourceTree = "<group>"; };
		7F59BEFC1FB4E3B90001DD90 /* RatingToolUITests.xctest */ = {isa = PBXFileReference; explicitFileType = wrapper.cfbundle; includeInIndex = 0; path = RatingToolUITests.xctest; sourceTree = BUILT_PRODUCTS_DIR; };
		7F59BF001FB4E3B90001DD90 /* RatingToolUITests.swift */ = {isa = PBXFileReference; lastKnownFileType = sourcecode.swift; path = RatingToolUITests.swift; sourceTree = "<group>"; };
		7F59BF021FB4E3B90001DD90 /* Info.plist */ = {isa = PBXFileReference; lastKnownFileType = text.plist.xml; path = Info.plist; sourceTree = "<group>"; };
		7F59BF241FB5FF350001DD90 /* TableViewController.swift */ = {isa = PBXFileReference; lastKnownFileType = sourcecode.swift; path = TableViewController.swift; sourceTree = "<group>"; };
		7F871A011FC1D89C002C30CF /* ViewController.swift */ = {isa = PBXFileReference; lastKnownFileType = sourcecode.swift; path = ViewController.swift; sourceTree = "<group>"; };
		7F871A031FC34E73002C30CF /* ProfileTabViewController.swift */ = {isa = PBXFileReference; lastKnownFileType = sourcecode.swift; path = ProfileTabViewController.swift; sourceTree = "<group>"; };
		7F871A051FC3575E002C30CF /* Trending_Theatres.swift */ = {isa = PBXFileReference; lastKnownFileType = sourcecode.swift; path = Trending_Theatres.swift; sourceTree = "<group>"; };
		7F871A081FC35899002C30CF /* Trending_Coffee.swift */ = {isa = PBXFileReference; lastKnownFileType = sourcecode.swift; path = Trending_Coffee.swift; sourceTree = "<group>"; };
		7F871A0A1FC358AB002C30CF /* Trending_Restaurants.swift */ = {isa = PBXFileReference; lastKnownFileType = sourcecode.swift; path = Trending_Restaurants.swift; sourceTree = "<group>"; };
		7F871A0C1FC358B9002C30CF /* Trending_Parks_and_Rec.swift */ = {isa = PBXFileReference; lastKnownFileType = sourcecode.swift; path = Trending_Parks_and_Rec.swift; sourceTree = "<group>"; };
		7F871A0E1FC358CA002C30CF /* Trending_Fast_Food.swift */ = {isa = PBXFileReference; lastKnownFileType = sourcecode.swift; path = Trending_Fast_Food.swift; sourceTree = "<group>"; };
		7FE96ADD1FCC4B740080A11E /* Trending.swift */ = {isa = PBXFileReference; lastKnownFileType = sourcecode.swift; path = Trending.swift; sourceTree = "<group>"; };
/* End PBXFileReference section */

/* Begin PBXFrameworksBuildPhase section */
		7F59BED81FB4E3B80001DD90 /* Frameworks */ = {
			isa = PBXFrameworksBuildPhase;
			buildActionMask = 2147483647;
			files = (
			);
			runOnlyForDeploymentPostprocessing = 0;
		};
		7F59BEEE1FB4E3B80001DD90 /* Frameworks */ = {
			isa = PBXFrameworksBuildPhase;
			buildActionMask = 2147483647;
			files = (
			);
			runOnlyForDeploymentPostprocessing = 0;
		};
		7F59BEF91FB4E3B90001DD90 /* Frameworks */ = {
			isa = PBXFrameworksBuildPhase;
			buildActionMask = 2147483647;
			files = (
			);
			runOnlyForDeploymentPostprocessing = 0;
		};
/* End PBXFrameworksBuildPhase section */

/* Begin PBXGroup section */
		7F59BED21FB4E3B80001DD90 = {
			isa = PBXGroup;
			children = (
				7F59BEDD1FB4E3B80001DD90 /* RatingTool */,
				7F59BEF41FB4E3B80001DD90 /* RatingToolTests */,
				7F59BEFF1FB4E3B90001DD90 /* RatingToolUITests */,
				7F59BEDC1FB4E3B80001DD90 /* Products */,
			);
			sourceTree = "<group>";
		};
		7F59BEDC1FB4E3B80001DD90 /* Products */ = {
			isa = PBXGroup;
			children = (
				7F59BEDB1FB4E3B80001DD90 /* RatingTool.app */,
				7F59BEF11FB4E3B80001DD90 /* RatingToolTests.xctest */,
				7F59BEFC1FB4E3B90001DD90 /* RatingToolUITests.xctest */,
			);
			name = Products;
			sourceTree = "<group>";
		};
		7F59BEDD1FB4E3B80001DD90 /* RatingTool */ = {
			isa = PBXGroup;
			children = (
				7F59BEDE1FB4E3B80001DD90 /* AppDelegate.swift */,
				7F59BEE01FB4E3B80001DD90 /* FirstViewController.swift */,
				7F59BEE41FB4E3B80001DD90 /* Main.storyboard */,
				7F41BC571FC7592800202717 /* chooseView.swift */,
				7F871A071FC35848002C30CF /* Trending */,
				7F871A101FC35907002C30CF /* Inbox */,
				7F871A121FC3591A002C30CF /* Profile */,
				7F59BEE71FB4E3B80001DD90 /* Assets.xcassets */,
				7F59BEE91FB4E3B80001DD90 /* LaunchScreen.storyboard */,
				7F59BEEC1FB4E3B80001DD90 /* Info.plist */,
			);
			path = RatingTool;
			sourceTree = "<group>";
		};
		7F59BEF41FB4E3B80001DD90 /* RatingToolTests */ = {
			isa = PBXGroup;
			children = (
				7F59BEF51FB4E3B80001DD90 /* RatingToolTests.swift */,
				7F59BEF71FB4E3B80001DD90 /* Info.plist */,
			);
			path = RatingToolTests;
			sourceTree = "<group>";
		};
		7F59BEFF1FB4E3B90001DD90 /* RatingToolUITests */ = {
			isa = PBXGroup;
			children = (
				7F59BF001FB4E3B90001DD90 /* RatingToolUITests.swift */,
				7F59BF021FB4E3B90001DD90 /* Info.plist */,
			);
			path = RatingToolUITests;
			sourceTree = "<group>";
		};
		7F871A071FC35848002C30CF /* Trending */ = {
			isa = PBXGroup;
			children = (
				7F41BC531FC4F3CE00202717 /* TrendingFavoriteViewController.swift */,
				7F871A051FC3575E002C30CF /* Trending_Theatres.swift */,
				7FE96ADD1FCC4B740080A11E /* Trending.swift */,
				7F871A081FC35899002C30CF /* Trending_Coffee.swift */,
				7F871A0A1FC358AB002C30CF /* Trending_Restaurants.swift */,
				7F871A0C1FC358B9002C30CF /* Trending_Parks_and_Rec.swift */,
				7F871A0E1FC358CA002C30CF /* Trending_Fast_Food.swift */,
			);
			path = Trending;
			sourceTree = "<group>";
		};
		7F871A101FC35907002C30CF /* Inbox */ = {
			isa = PBXGroup;
			children = (
				7F59BF241FB5FF350001DD90 /* TableViewController.swift */,
				7F871A011FC1D89C002C30CF /* ViewController.swift */,
			);
			path = Inbox;
			sourceTree = "<group>";
		};
		7F871A121FC3591A002C30CF /* Profile */ = {
			isa = PBXGroup;
			children = (
				7F871A031FC34E73002C30CF /* ProfileTabViewController.swift */,
			);
			path = Profile;
			sourceTree = "<group>";
		};
/* End PBXGroup section */

/* Begin PBXNativeTarget section */
		7F59BEDA1FB4E3B80001DD90 /* RatingTool */ = {
			isa = PBXNativeTarget;
			buildConfigurationList = 7F59BF051FB4E3B90001DD90 /* Build configuration list for PBXNativeTarget "RatingTool" */;
			buildPhases = (
				7F59BED71FB4E3B80001DD90 /* Sources */,
				7F59BED81FB4E3B80001DD90 /* Frameworks */,
				7F59BED91FB4E3B80001DD90 /* Resources */,
			);
			buildRules = (
			);
			dependencies = (
			);
			name = RatingTool;
			productName = RatingTool;
			productReference = 7F59BEDB1FB4E3B80001DD90 /* RatingTool.app */;
			productType = "com.apple.product-type.application";
		};
		7F59BEF01FB4E3B80001DD90 /* RatingToolTests */ = {
			isa = PBXNativeTarget;
			buildConfigurationList = 7F59BF081FB4E3B90001DD90 /* Build configuration list for PBXNativeTarget "RatingToolTests" */;
			buildPhases = (
				7F59BEED1FB4E3B80001DD90 /* Sources */,
				7F59BEEE1FB4E3B80001DD90 /* Frameworks */,
				7F59BEEF1FB4E3B80001DD90 /* Resources */,
			);
			buildRules = (
			);
			dependencies = (
				7F59BEF31FB4E3B80001DD90 /* PBXTargetDependency */,
			);
			name = RatingToolTests;
			productName = RatingToolTests;
			productReference = 7F59BEF11FB4E3B80001DD90 /* RatingToolTests.xctest */;
			productType = "com.apple.product-type.bundle.unit-test";
		};
		7F59BEFB1FB4E3B90001DD90 /* RatingToolUITests */ = {
			isa = PBXNativeTarget;
			buildConfigurationList = 7F59BF0B1FB4E3B90001DD90 /* Build configuration list for PBXNativeTarget "RatingToolUITests" */;
			buildPhases = (
				7F59BEF81FB4E3B90001DD90 /* Sources */,
				7F59BEF91FB4E3B90001DD90 /* Frameworks */,
				7F59BEFA1FB4E3B90001DD90 /* Resources */,
			);
			buildRules = (
			);
			dependencies = (
				7F59BEFE1FB4E3B90001DD90 /* PBXTargetDependency */,
			);
			name = RatingToolUITests;
			productName = RatingToolUITests;
			productReference = 7F59BEFC1FB4E3B90001DD90 /* RatingToolUITests.xctest */;
			productType = "com.apple.product-type.bundle.ui-testing";
		};
/* End PBXNativeTarget section */

/* Begin PBXProject section */
		7F59BED31FB4E3B80001DD90 /* Project object */ = {
			isa = PBXProject;
			attributes = {
				LastSwiftUpdateCheck = 0910;
				LastUpgradeCheck = 0910;
				ORGANIZATIONNAME = "Robert Torres";
				TargetAttributes = {
					7F59BEDA1FB4E3B80001DD90 = {
						CreatedOnToolsVersion = 9.1;
						ProvisioningStyle = Automatic;
					};
					7F59BEF01FB4E3B80001DD90 = {
						CreatedOnToolsVersion = 9.1;
						ProvisioningStyle = Automatic;
						TestTargetID = 7F59BEDA1FB4E3B80001DD90;
					};
					7F59BEFB1FB4E3B90001DD90 = {
						CreatedOnToolsVersion = 9.1;
						ProvisioningStyle = Automatic;
						TestTargetID = 7F59BEDA1FB4E3B80001DD90;
					};
				};
			};
			buildConfigurationList = 7F59BED61FB4E3B80001DD90 /* Build configuration list for PBXProject "RatingTool" */;
			compatibilityVersion = "Xcode 8.0";
			developmentRegion = en;
			hasScannedForEncodings = 0;
			knownRegions = (
				en,
				Base,
			);
			mainGroup = 7F59BED21FB4E3B80001DD90;
			productRefGroup = 7F59BEDC1FB4E3B80001DD90 /* Products */;
			projectDirPath = "";
			projectRoot = "";
			targets = (
				7F59BEDA1FB4E3B80001DD90 /* RatingTool */,
				7F59BEF01FB4E3B80001DD90 /* RatingToolTests */,
				7F59BEFB1FB4E3B90001DD90 /* RatingToolUITests */,
			);
		};
/* End PBXProject section */

/* Begin PBXResourcesBuildPhase section */
		7F59BED91FB4E3B80001DD90 /* Resources */ = {
			isa = PBXResourcesBuildPhase;
			buildActionMask = 2147483647;
			files = (
				7F59BEEB1FB4E3B80001DD90 /* LaunchScreen.storyboard in Resources */,
				7F59BEE81FB4E3B80001DD90 /* Assets.xcassets in Resources */,
				7F59BEE61FB4E3B80001DD90 /* Main.storyboard in Resources */,
			);
			runOnlyForDeploymentPostprocessing = 0;
		};
		7F59BEEF1FB4E3B80001DD90 /* Resources */ = {
			isa = PBXResourcesBuildPhase;
			buildActionMask = 2147483647;
			files = (
			);
			runOnlyForDeploymentPostprocessing = 0;
		};
		7F59BEFA1FB4E3B90001DD90 /* Resources */ = {
			isa = PBXResourcesBuildPhase;
			buildActionMask = 2147483647;
			files = (
			);
			runOnlyForDeploymentPostprocessing = 0;
		};
/* End PBXResourcesBuildPhase section */

/* Begin PBXSourcesBuildPhase section */
		7F59BED71FB4E3B80001DD90 /* Sources */ = {
			isa = PBXSourcesBuildPhase;
			buildActionMask = 2147483647;
			files = (
				7F59BEDF1FB4E3B80001DD90 /* AppDelegate.swift in Sources */,
				7F59BEE11FB4E3B80001DD90 /* FirstViewController.swift in Sources */,
				7F871A0F1FC358CA002C30CF /* Trending_Fast_Food.swift in Sources */,
				7F871A091FC35899002C30CF /* Trending_Coffee.swift in Sources */,
				7FE96ADE1FCC4B740080A11E /* Trending.swift in Sources */,
				7F871A0B1FC358AB002C30CF /* Trending_Restaurants.swift in Sources */,
				7F41BC541FC4F3CE00202717 /* TrendingFavoriteViewController.swift in Sources */,
				7F871A021FC1D89C002C30CF /* ViewController.swift in Sources */,
				7F871A041FC34E73002C30CF /* ProfileTabViewController.swift in Sources */,
				7F871A0D1FC358B9002C30CF /* Trending_Parks_and_Rec.swift in Sources */,
				7F871A061FC3575E002C30CF /* Trending_Theatres.swift in Sources */,
				7F59BF251FB5FF350001DD90 /* TableViewController.swift in Sources */,
				7F41BC581FC7592800202717 /* chooseView.swift in Sources */,
			);
			runOnlyForDeploymentPostprocessing = 0;
		};
		7F59BEED1FB4E3B80001DD90 /* Sources */ = {
			isa = PBXSourcesBuildPhase;
			buildActionMask = 2147483647;
			files = (
				7F59BEF61FB4E3B80001DD90 /* RatingToolTests.swift in Sources */,
			);
			runOnlyForDeploymentPostprocessing = 0;
		};
		7F59BEF81FB4E3B90001DD90 /* Sources */ = {
			isa = PBXSourcesBuildPhase;
			buildActionMask = 2147483647;
			files = (
				7F59BF011FB4E3B90001DD90 /* RatingToolUITests.swift in Sources */,
			);
			runOnlyForDeploymentPostprocessing = 0;
		};
/* End PBXSourcesBuildPhase section */

/* Begin PBXTargetDependency section */
		7F59BEF31FB4E3B80001DD90 /* PBXTargetDependency */ = {
			isa = PBXTargetDependency;
			target = 7F59BEDA1FB4E3B80001DD90 /* RatingTool */;
			targetProxy = 7F59BEF21FB4E3B80001DD90 /* PBXContainerItemProxy */;
		};
		7F59BEFE1FB4E3B90001DD90 /* PBXTargetDependency */ = {
			isa = PBXTargetDependency;
			target = 7F59BEDA1FB4E3B80001DD90 /* RatingTool */;
			targetProxy = 7F59BEFD1FB4E3B90001DD90 /* PBXContainerItemProxy */;
		};
/* End PBXTargetDependency section */

/* Begin PBXVariantGroup section */
		7F59BEE41FB4E3B80001DD90 /* Main.storyboard */ = {
			isa = PBXVariantGroup;
			children = (
				7F59BEE51FB4E3B80001DD90 /* Base */,
			);
			name = Main.storyboard;
			sourceTree = "<group>";
		};
		7F59BEE91FB4E3B80001DD90 /* LaunchScreen.storyboard */ = {
			isa = PBXVariantGroup;
			children = (
				7F59BEEA1FB4E3B80001DD90 /* Base */,
			);
			name = LaunchScreen.storyboard;
			sourceTree = "<group>";
		};
/* End PBXVariantGroup section */

/* Begin XCBuildConfiguration section */
		7F59BF031FB4E3B90001DD90 /* Debug */ = {
			isa = XCBuildConfiguration;
			buildSettings = {
				ALWAYS_SEARCH_USER_PATHS = NO;
				CLANG_ANALYZER_NONNULL = YES;
				CLANG_ANALYZER_NUMBER_OBJECT_CONVERSION = YES_AGGRESSIVE;
				CLANG_CXX_LANGUAGE_STANDARD = "gnu++14";
				CLANG_CXX_LIBRARY = "libc++";
				CLANG_ENABLE_MODULES = YES;
				CLANG_ENABLE_OBJC_ARC = YES;
				CLANG_WARN_BLOCK_CAPTURE_AUTORELEASING = YES;
				CLANG_WARN_BOOL_CONVERSION = YES;
				CLANG_WARN_COMMA = YES;
				CLANG_WARN_CONSTANT_CONVERSION = YES;
				CLANG_WARN_DIRECT_OBJC_ISA_USAGE = YES_ERROR;
				CLANG_WARN_DOCUMENTATION_COMMENTS = YES;
				CLANG_WARN_EMPTY_BODY = YES;
				CLANG_WARN_ENUM_CONVERSION = YES;
				CLANG_WARN_INFINITE_RECURSION = YES;
				CLANG_WARN_INT_CONVERSION = YES;
				CLANG_WARN_NON_LITERAL_NULL_CONVERSION = YES;
				CLANG_WARN_OBJC_LITERAL_CONVERSION = YES;
				CLANG_WARN_OBJC_ROOT_CLASS = YES_ERROR;
				CLANG_WARN_RANGE_LOOP_ANALYSIS = YES;
				CLANG_WARN_STRICT_PROTOTYPES = YES;
				CLANG_WARN_SUSPICIOUS_MOVE = YES;
				CLANG_WARN_UNGUARDED_AVAILABILITY = YES_AGGRESSIVE;
				CLANG_WARN_UNREACHABLE_CODE = YES;
				CLANG_WARN__DUPLICATE_METHOD_MATCH = YES;
				CODE_SIGN_IDENTITY = "iPhone Developer";
				COPY_PHASE_STRIP = NO;
				DEBUG_INFORMATION_FORMAT = dwarf;
				ENABLE_STRICT_OBJC_MSGSEND = YES;
				ENABLE_TESTABILITY = YES;
				GCC_C_LANGUAGE_STANDARD = gnu11;
				GCC_DYNAMIC_NO_PIC = NO;
				GCC_NO_COMMON_BLOCKS = YES;
				GCC_OPTIMIZATION_LEVEL = 0;
				GCC_PREPROCESSOR_DEFINITIONS = (
					"DEBUG=1",
					"$(inherited)",
				);
				GCC_WARN_64_TO_32_BIT_CONVERSION = YES;
				GCC_WARN_ABOUT_RETURN_TYPE = YES_ERROR;
				GCC_WARN_UNDECLARED_SELECTOR = YES;
				GCC_WARN_UNINITIALIZED_AUTOS = YES_AGGRESSIVE;
				GCC_WARN_UNUSED_FUNCTION = YES;
				GCC_WARN_UNUSED_VARIABLE = YES;
				IPHONEOS_DEPLOYMENT_TARGET = 11.1;
				MTL_ENABLE_DEBUG_INFO = YES;
				ONLY_ACTIVE_ARCH = YES;
				SDKROOT = iphoneos;
				SWIFT_ACTIVE_COMPILATION_CONDITIONS = DEBUG;
				SWIFT_OPTIMIZATION_LEVEL = "-Onone";
			};
			name = Debug;
		};
		7F59BF041FB4E3B90001DD90 /* Release */ = {
			isa = XCBuildConfiguration;
			buildSettings = {
				ALWAYS_SEARCH_USER_PATHS = NO;
				CLANG_ANALYZER_NONNULL = YES;
				CLANG_ANALYZER_NUMBER_OBJECT_CONVERSION = YES_AGGRESSIVE;
				CLANG_CXX_LANGUAGE_STANDARD = "gnu++14";
				CLANG_CXX_LIBRARY = "libc++";
				CLANG_ENABLE_MODULES = YES;
				CLANG_ENABLE_OBJC_ARC = YES;
				CLANG_WARN_BLOCK_CAPTURE_AUTORELEASING = YES;
				CLANG_WARN_BOOL_CONVERSION = YES;
				CLANG_WARN_COMMA = YES;
				CLANG_WARN_CONSTANT_CONVERSION = YES;
				CLANG_WARN_DIRECT_OBJC_ISA_USAGE = YES_ERROR;
				CLANG_WARN_DOCUMENTATION_COMMENTS = YES;
				CLANG_WARN_EMPTY_BODY = YES;
				CLANG_WARN_ENUM_CONVERSION = YES;
				CLANG_WARN_INFINITE_RECURSION = YES;
				CLANG_WARN_INT_CONVERSION = YES;
				CLANG_WARN_NON_LITERAL_NULL_CONVERSION = YES;
				CLANG_WARN_OBJC_LITERAL_CONVERSION = YES;
				CLANG_WARN_OBJC_ROOT_CLASS = YES_ERROR;
				CLANG_WARN_RANGE_LOOP_ANALYSIS = YES;
				CLANG_WARN_STRICT_PROTOTYPES = YES;
				CLANG_WARN_SUSPICIOUS_MOVE = YES;
				CLANG_WARN_UNGUARDED_AVAILABILITY = YES_AGGRESSIVE;
				CLANG_WARN_UNREACHABLE_CODE = YES;
				CLANG_WARN__DUPLICATE_METHOD_MATCH = YES;
				CODE_SIGN_IDENTITY = "iPhone Developer";
				COPY_PHASE_STRIP = NO;
				DEBUG_INFORMATION_FORMAT = "dwarf-with-dsym";
				ENABLE_NS_ASSERTIONS = NO;
				ENABLE_STRICT_OBJC_MSGSEND = YES;
				GCC_C_LANGUAGE_STANDARD = gnu11;
				GCC_NO_COMMON_BLOCKS = YES;
				GCC_WARN_64_TO_32_BIT_CONVERSION = YES;
				GCC_WARN_ABOUT_RETURN_TYPE = YES_ERROR;
				GCC_WARN_UNDECLARED_SELECTOR = YES;
				GCC_WARN_UNINITIALIZED_AUTOS = YES_AGGRESSIVE;
				GCC_WARN_UNUSED_FUNCTION = YES;
				GCC_WARN_UNUSED_VARIABLE = YES;
				IPHONEOS_DEPLOYMENT_TARGET = 11.1;
				MTL_ENABLE_DEBUG_INFO = NO;
				SDKROOT = iphoneos;
				SWIFT_OPTIMIZATION_LEVEL = "-Owholemodule";
				VALIDATE_PRODUCT = YES;
			};
			name = Release;
		};
		7F59BF061FB4E3B90001DD90 /* Debug */ = {
			isa = XCBuildConfiguration;
			buildSettings = {
				ASSETCATALOG_COMPILER_APPICON_NAME = AppIcon;
				ASSETCATALOG_COMPILER_LAUNCHIMAGE_NAME = LaunchImage;
				CODE_SIGN_STYLE = Automatic;
				DEVELOPMENT_TEAM = 7LK3RGR659;
				INFOPLIST_FILE = RatingTool/Info.plist;
				LD_RUNPATH_SEARCH_PATHS = "$(inherited) @executable_path/Frameworks";
				PRODUCT_BUNDLE_IDENTIFIER = usercenterdesign.torresrobert.RatingToolApp;
				PRODUCT_NAME = "$(TARGET_NAME)";
				SWIFT_VERSION = 4.0;
				TARGETED_DEVICE_FAMILY = "1,2";
			};
			name = Debug;
		};
		7F59BF071FB4E3B90001DD90 /* Release */ = {
			isa = XCBuildConfiguration;
			buildSettings = {
				ASSETCATALOG_COMPILER_APPICON_NAME = AppIcon;
				ASSETCATALOG_COMPILER_LAUNCHIMAGE_NAME = LaunchImage;
				CODE_SIGN_STYLE = Automatic;
				DEVELOPMENT_TEAM = 7LK3RGR659;
				INFOPLIST_FILE = RatingTool/Info.plist;
				LD_RUNPATH_SEARCH_PATHS = "$(inherited) @executable_path/Frameworks";
				PRODUCT_BUNDLE_IDENTIFIER = usercenterdesign.torresrobert.RatingToolApp;
				PRODUCT_NAME = "$(TARGET_NAME)";
				SWIFT_VERSION = 4.0;
				TARGETED_DEVICE_FAMILY = "1,2";
			};
			name = Release;
		};
		7F59BF091FB4E3B90001DD90 /* Debug */ = {
			isa = XCBuildConfiguration;
			buildSettings = {
				ALWAYS_EMBED_SWIFT_STANDARD_LIBRARIES = YES;
				BUNDLE_LOADER = "$(TEST_HOST)";
				CODE_SIGN_STYLE = Automatic;
				DEVELOPMENT_TEAM = 6EA95B2993;
				INFOPLIST_FILE = RatingToolTests/Info.plist;
				LD_RUNPATH_SEARCH_PATHS = "$(inherited) @executable_path/Frameworks @loader_path/Frameworks";
				PRODUCT_BUNDLE_IDENTIFIER = usercenterdesign.torresrobert.RatingToolTests;
				PRODUCT_NAME = "$(TARGET_NAME)";
				SWIFT_VERSION = 4.0;
				TARGETED_DEVICE_FAMILY = "1,2";
				TEST_HOST = "$(BUILT_PRODUCTS_DIR)/RatingTool.app/RatingTool";
			};
			name = Debug;
		};
		7F59BF0A1FB4E3B90001DD90 /* Release */ = {
			isa = XCBuildConfiguration;
			buildSettings = {
				ALWAYS_EMBED_SWIFT_STANDARD_LIBRARIES = YES;
				BUNDLE_LOADER = "$(TEST_HOST)";
				CODE_SIGN_STYLE = Automatic;
				DEVELOPMENT_TEAM = 6EA95B2993;
				INFOPLIST_FILE = RatingToolTests/Info.plist;
				LD_RUNPATH_SEARCH_PATHS = "$(inherited) @executable_path/Frameworks @loader_path/Frameworks";
				PRODUCT_BUNDLE_IDENTIFIER = usercenterdesign.torresrobert.RatingToolTests;
				PRODUCT_NAME = "$(TARGET_NAME)";
				SWIFT_VERSION = 4.0;
				TARGETED_DEVICE_FAMILY = "1,2";
				TEST_HOST = "$(BUILT_PRODUCTS_DIR)/RatingTool.app/RatingTool";
			};
			name = Release;
		};
		7F59BF0C1FB4E3B90001DD90 /* Debug */ = {
			isa = XCBuildConfiguration;
			buildSettings = {
				ALWAYS_EMBED_SWIFT_STANDARD_LIBRARIES = YES;
				CODE_SIGN_STYLE = Automatic;
				DEVELOPMENT_TEAM = 6EA95B2993;
				INFOPLIST_FILE = RatingToolUITests/Info.plist;
				LD_RUNPATH_SEARCH_PATHS = "$(inherited) @executable_path/Frameworks @loader_path/Frameworks";
				PRODUCT_BUNDLE_IDENTIFIER = usercenterdesign.torresrobert.RatingToolUITests;
				PRODUCT_NAME = "$(TARGET_NAME)";
				SWIFT_VERSION = 4.0;
				TARGETED_DEVICE_FAMILY = "1,2";
				TEST_TARGET_NAME = RatingTool;
			};
			name = Debug;
		};
		7F59BF0D1FB4E3B90001DD90 /* Release */ = {
			isa = XCBuildConfiguration;
			buildSettings = {
				ALWAYS_EMBED_SWIFT_STANDARD_LIBRARIES = YES;
				CODE_SIGN_STYLE = Automatic;
				DEVELOPMENT_TEAM = 6EA95B2993;
				INFOPLIST_FILE = RatingToolUITests/Info.plist;
				LD_RUNPATH_SEARCH_PATHS = "$(inherited) @executable_path/Frameworks @loader_path/Frameworks";
				PRODUCT_BUNDLE_IDENTIFIER = usercenterdesign.torresrobert.RatingToolUITests;
				PRODUCT_NAME = "$(TARGET_NAME)";
				SWIFT_VERSION = 4.0;
				TARGETED_DEVICE_FAMILY = "1,2";
				TEST_TARGET_NAME = RatingTool;
			};
			name = Release;
		};
/* End XCBuildConfiguration section */

/* Begin XCConfigurationList section */
		7F59BED61FB4E3B80001DD90 /* Build configuration list for PBXProject "RatingTool" */ = {
			isa = XCConfigurationList;
			buildConfigurations = (
				7F59BF031FB4E3B90001DD90 /* Debug */,
				7F59BF041FB4E3B90001DD90 /* Release */,
			);
			defaultConfigurationIsVisible = 0;
			defaultConfigurationName = Release;
		};
		7F59BF051FB4E3B90001DD90 /* Build configuration list for PBXNativeTarget "RatingTool" */ = {
			isa = XCConfigurationList;
			buildConfigurations = (
				7F59BF061FB4E3B90001DD90 /* Debug */,
				7F59BF071FB4E3B90001DD90 /* Release */,
			);
			defaultConfigurationIsVisible = 0;
			defaultConfigurationName = Release;
		};
		7F59BF081FB4E3B90001DD90 /* Build configuration list for PBXNativeTarget "RatingToolTests" */ = {
			isa = XCConfigurationList;
			buildConfigurations = (
				7F59BF091FB4E3B90001DD90 /* Debug */,
				7F59BF0A1FB4E3B90001DD90 /* Release */,
			);
			defaultConfigurationIsVisible = 0;
			defaultConfigurationName = Release;
		};
		7F59BF0B1FB4E3B90001DD90 /* Build configuration list for PBXNativeTarget "RatingToolUITests" */ = {
			isa = XCConfigurationList;
			buildConfigurations = (
				7F59BF0C1FB4E3B90001DD90 /* Debug */,
				7F59BF0D1FB4E3B90001DD90 /* Release */,
			);
			defaultConfigurationIsVisible = 0;
			defaultConfigurationName = Release;
		};
/* End XCConfigurationList section */
	};
	rootObject = 7F59BED31FB4E3B80001DD90 /* Project object */;
}
